
Microsoft Visual Studio Solution File, Format Version 12.00
# Visual Studio Version 16
VisualStudioVersion = 16.0.29806.167
MinimumVisualStudioVersion = 15.0.26124.0
Project("{2150E333-8FDC-42A3-9474-1A3956D46DE8}") = "src", "src", "{E0168284-A2AE-4A68-A586-1AA693585A53}"
EndProject
Project("{9A19103F-16F7-4668-BE54-9A1E7A4F7556}") = "THNETII.Octokit.DependencyInjection", "src\THNETII.Octokit.DependencyInjection\THNETII.Octokit.DependencyInjection.csproj", "{398AAFB6-5B6B-41F7-9FB3-9DAD64F71150}"
EndProject
Project("{2150E333-8FDC-42A3-9474-1A3956D46DE8}") = "Solution Items", "Solution Items", "{6D7C04F2-E153-445A-9C4B-7073041A6BE0}"
	ProjectSection(SolutionItems) = preProject
		.editorconfig = .editorconfig
		.gitattributes = .gitattributes
		.gitignore = .gitignore
		AllRules.ruleset = AllRules.ruleset
		Directory.Build.props = Directory.Build.props
		Directory.Meta.props = Directory.Meta.props
		Directory.Octokit.props = Directory.Octokit.props
		Directory.Version.props = Directory.Version.props
		LICENSE = LICENSE
	EndProjectSection
EndProject
Project("{2150E333-8FDC-42A3-9474-1A3956D46DE8}") = "test", "test", "{675627EF-4A75-4472-8770-70554C6DBDC1}"
EndProject
Project("{9A19103F-16F7-4668-BE54-9A1E7A4F7556}") = "THNETII.Octokit.Test", "test\THNETII.Octokit.Test\THNETII.Octokit.Test.csproj", "{69CA99F9-5112-4E8D-BBC9-5530EDAD5F71}"
EndProject
Project("{2150E333-8FDC-42A3-9474-1A3956D46DE8}") = "sample", "sample", "{E7F1EFF1-7525-4B6F-BD49-1051D7649096}"
EndProject
Project("{FAE04EC0-301F-11D3-BF4B-00C04F79EFBC}") = "THNETII.Octokit.RateLimitDrain", "sample\THNETII.Octokit.RateLimitDrain\THNETII.Octokit.RateLimitDrain.csproj", "{F484C3B8-B039-41A8-8BAA-DB997A004618}"
EndProject
Global
	GlobalSection(SolutionConfigurationPlatforms) = preSolution
		Debug|Any CPU = Debug|Any CPU
		Debug|x64 = Debug|x64
		Debug|x86 = Debug|x86
		Release|Any CPU = Release|Any CPU
		Release|x64 = Release|x64
		Release|x86 = Release|x86
	EndGlobalSection
	GlobalSection(ProjectConfigurationPlatforms) = postSolution
		{398AAFB6-5B6B-41F7-9FB3-9DAD64F71150}.Debug|Any CPU.ActiveCfg = Debug|Any CPU
		{398AAFB6-5B6B-41F7-9FB3-9DAD64F71150}.Debug|Any CPU.Build.0 = Debug|Any CPU
		{398AAFB6-5B6B-41F7-9FB3-9DAD64F71150}.Debug|x64.ActiveCfg = Debug|Any CPU
		{398AAFB6-5B6B-41F7-9FB3-9DAD64F71150}.Debug|x64.Build.0 = Debug|Any CPU
		{398AAFB6-5B6B-41F7-9FB3-9DAD64F71150}.Debug|x86.ActiveCfg = Debug|Any CPU
		{398AAFB6-5B6B-41F7-9FB3-9DAD64F71150}.Debug|x86.Build.0 = Debug|Any CPU
		{398AAFB6-5B6B-41F7-9FB3-9DAD64F71150}.Release|Any CPU.ActiveCfg = Release|Any CPU
		{398AAFB6-5B6B-41F7-9FB3-9DAD64F71150}.Release|Any CPU.Build.0 = Release|Any CPU
		{398AAFB6-5B6B-41F7-9FB3-9DAD64F71150}.Release|x64.ActiveCfg = Release|Any CPU
		{398AAFB6-5B6B-41F7-9FB3-9DAD64F71150}.Release|x64.Build.0 = Release|Any CPU
		{398AAFB6-5B6B-41F7-9FB3-9DAD64F71150}.Release|x86.ActiveCfg = Release|Any CPU
		{398AAFB6-5B6B-41F7-9FB3-9DAD64F71150}.Release|x86.Build.0 = Release|Any CPU
		{69CA99F9-5112-4E8D-BBC9-5530EDAD5F71}.Debug|Any CPU.ActiveCfg = Debug|Any CPU
		{69CA99F9-5112-4E8D-BBC9-5530EDAD5F71}.Debug|Any CPU.Build.0 = Debug|Any CPU
		{69CA99F9-5112-4E8D-BBC9-5530EDAD5F71}.Debug|x64.ActiveCfg = Debug|Any CPU
		{69CA99F9-5112-4E8D-BBC9-5530EDAD5F71}.Debug|x64.Build.0 = Debug|Any CPU
		{69CA99F9-5112-4E8D-BBC9-5530EDAD5F71}.Debug|x86.ActiveCfg = Debug|Any CPU
		{69CA99F9-5112-4E8D-BBC9-5530EDAD5F71}.Debug|x86.Build.0 = Debug|Any CPU
		{69CA99F9-5112-4E8D-BBC9-5530EDAD5F71}.Release|Any CPU.ActiveCfg = Release|Any CPU
		{69CA99F9-5112-4E8D-BBC9-5530EDAD5F71}.Release|Any CPU.Build.0 = Release|Any CPU
		{69CA99F9-5112-4E8D-BBC9-5530EDAD5F71}.Release|x64.ActiveCfg = Release|Any CPU
		{69CA99F9-5112-4E8D-BBC9-5530EDAD5F71}.Release|x64.Build.0 = Release|Any CPU
		{69CA99F9-5112-4E8D-BBC9-5530EDAD5F71}.Release|x86.ActiveCfg = Release|Any CPU
		{69CA99F9-5112-4E8D-BBC9-5530EDAD5F71}.Release|x86.Build.0 = Release|Any CPU
		{F484C3B8-B039-41A8-8BAA-DB997A004618}.Debug|Any CPU.ActiveCfg = Debug|Any CPU
		{F484C3B8-B039-41A8-8BAA-DB997A004618}.Debug|Any CPU.Build.0 = Debug|Any CPU
		{F484C3B8-B039-41A8-8BAA-DB997A004618}.Debug|x64.ActiveCfg = Debug|Any CPU
		{F484C3B8-B039-41A8-8BAA-DB997A004618}.Debug|x64.Build.0 = Debug|Any CPU
		{F484C3B8-B039-41A8-8BAA-DB997A004618}.Debug|x86.ActiveCfg = Debug|Any CPU
		{F484C3B8-B039-41A8-8BAA-DB997A004618}.Debug|x86.Build.0 = Debug|Any CPU
		{F484C3B8-B039-41A8-8BAA-DB997A004618}.Release|Any CPU.ActiveCfg = Release|Any CPU
		{F484C3B8-B039-41A8-8BAA-DB997A004618}.Release|Any CPU.Build.0 = Release|Any CPU
		{F484C3B8-B039-41A8-8BAA-DB997A004618}.Release|x64.ActiveCfg = Release|Any CPU
		{F484C3B8-B039-41A8-8BAA-DB997A004618}.Release|x64.Build.0 = Release|Any CPU
		{F484C3B8-B039-41A8-8BAA-DB997A004618}.Release|x86.ActiveCfg = Release|Any CPU
		{F484C3B8-B039-41A8-8BAA-DB997A004618}.Release|x86.Build.0 = Release|Any CPU
	EndGlobalSection
	GlobalSection(SolutionProperties) = preSolution
		HideSolutionNode = FALSE
	EndGlobalSection
	GlobalSection(NestedProjects) = preSolution
		{398AAFB6-5B6B-41F7-9FB3-9DAD64F71150} = {E0168284-A2AE-4A68-A586-1AA693585A53}
		{69CA99F9-5112-4E8D-BBC9-5530EDAD5F71} = {675627EF-4A75-4472-8770-70554C6DBDC1}
		{F484C3B8-B039-41A8-8BAA-DB997A004618} = {E7F1EFF1-7525-4B6F-BD49-1051D7649096}
	EndGlobalSection
	GlobalSection(ExtensibilityGlobals) = postSolution
		SolutionGuid = {3E0436D3-8146-43D8-AC88-AF842C217330}
	EndGlobalSection
EndGlobal
